
Microsoft Visual Studio Solution File, Format Version 12.00
# Visual Studio Version 17
VisualStudioVersion = 17.1.31911.260
MinimumVisualStudioVersion = 10.0.40219.1
Project("{9A19103F-16F7-4668-BE54-9A1E7A4F7556}") = "GatherBuddy", "GatherBuddy\GatherBuddy.csproj", "{A5439F6B-83C1-4078-9371-354A147FF554}"
	ProjectSection(ProjectDependencies) = postProject
		{8830BF74-F127-438B-8135-29CCBC328D86} = {8830BF74-F127-438B-8135-29CCBC328D86}
	EndProjectSection
EndProject
Project("{2150E333-8FDC-42A3-9474-1A3956D46DE8}") = "Solution Items", "Solution Items", "{383AEE76-D423-431C-893A-7AB3DEA13630}"
	ProjectSection(SolutionItems) = preProject
		.editorconfig = .editorconfig
		GatherBuddy.json = GatherBuddy.json
		repo.json = repo.json
	EndProjectSection
EndProject
Project("{9A19103F-16F7-4668-BE54-9A1E7A4F7556}") = "GatherBuddy.GameData", "GatherBuddy.GameData\GatherBuddy.GameData.csproj", "{4DC34533-59B5-4F5A-9F0F-2CD49EFC7092}"
EndProject
Project("{9A19103F-16F7-4668-BE54-9A1E7A4F7556}") = "GatherBuddy.Levenshtein", "GatherBuddy.Levenshtein\GatherBuddy.Levenshtein.csproj", "{751A5A02-9232-4DD6-87AA-A374D015B4B5}"
EndProject
Project("{9A19103F-16F7-4668-BE54-9A1E7A4F7556}") = "ImGuiOtter", "ImGuiRaii\ImGuiOtter.csproj", "{8830BF74-F127-438B-8135-29CCBC328D86}"
EndProject
Global
	GlobalSection(SolutionConfigurationPlatforms) = preSolution
		Debug|Any CPU = Debug|Any CPU
		Debug|x64 = Debug|x64
		Debug|x86 = Debug|x86
		Release|Any CPU = Release|Any CPU
		Release|x64 = Release|x64
		Release|x86 = Release|x86
	EndGlobalSection
	GlobalSection(ProjectConfigurationPlatforms) = postSolution
		{A5439F6B-83C1-4078-9371-354A147FF554}.Debug|Any CPU.ActiveCfg = Debug|Any CPU
		{A5439F6B-83C1-4078-9371-354A147FF554}.Debug|Any CPU.Build.0 = Debug|Any CPU
		{A5439F6B-83C1-4078-9371-354A147FF554}.Debug|x64.ActiveCfg = Debug|Any CPU
		{A5439F6B-83C1-4078-9371-354A147FF554}.Debug|x64.Build.0 = Debug|Any CPU
		{A5439F6B-83C1-4078-9371-354A147FF554}.Debug|x86.ActiveCfg = Debug|Any CPU
		{A5439F6B-83C1-4078-9371-354A147FF554}.Debug|x86.Build.0 = Debug|Any CPU
		{A5439F6B-83C1-4078-9371-354A147FF554}.Release|Any CPU.ActiveCfg = Release|Any CPU
		{A5439F6B-83C1-4078-9371-354A147FF554}.Release|Any CPU.Build.0 = Release|Any CPU
		{A5439F6B-83C1-4078-9371-354A147FF554}.Release|x64.ActiveCfg = Release|Any CPU
		{A5439F6B-83C1-4078-9371-354A147FF554}.Release|x64.Build.0 = Release|Any CPU
		{A5439F6B-83C1-4078-9371-354A147FF554}.Release|x86.ActiveCfg = Release|Any CPU
		{A5439F6B-83C1-4078-9371-354A147FF554}.Release|x86.Build.0 = Release|Any CPU
		{4DC34533-59B5-4F5A-9F0F-2CD49EFC7092}.Debug|Any CPU.ActiveCfg = Debug|Any CPU
		{4DC34533-59B5-4F5A-9F0F-2CD49EFC7092}.Debug|Any CPU.Build.0 = Debug|Any CPU
		{4DC34533-59B5-4F5A-9F0F-2CD49EFC7092}.Debug|x64.ActiveCfg = Debug|Any CPU
		{4DC34533-59B5-4F5A-9F0F-2CD49EFC7092}.Debug|x64.Build.0 = Debug|Any CPU
		{4DC34533-59B5-4F5A-9F0F-2CD49EFC7092}.Debug|x86.ActiveCfg = Debug|Any CPU
		{4DC34533-59B5-4F5A-9F0F-2CD49EFC7092}.Debug|x86.Build.0 = Debug|Any CPU
		{4DC34533-59B5-4F5A-9F0F-2CD49EFC7092}.Release|Any CPU.ActiveCfg = Release|Any CPU
		{4DC34533-59B5-4F5A-9F0F-2CD49EFC7092}.Release|Any CPU.Build.0 = Release|Any CPU
		{4DC34533-59B5-4F5A-9F0F-2CD49EFC7092}.Release|x64.ActiveCfg = Release|Any CPU
		{4DC34533-59B5-4F5A-9F0F-2CD49EFC7092}.Release|x64.Build.0 = Release|Any CPU
		{4DC34533-59B5-4F5A-9F0F-2CD49EFC7092}.Release|x86.ActiveCfg = Release|Any CPU
		{4DC34533-59B5-4F5A-9F0F-2CD49EFC7092}.Release|x86.Build.0 = Release|Any CPU
		{751A5A02-9232-4DD6-87AA-A374D015B4B5}.Debug|Any CPU.ActiveCfg = Debug|Any CPU
		{751A5A02-9232-4DD6-87AA-A374D015B4B5}.Debug|Any CPU.Build.0 = Debug|Any CPU
		{751A5A02-9232-4DD6-87AA-A374D015B4B5}.Debug|x64.ActiveCfg = Debug|Any CPU
		{751A5A02-9232-4DD6-87AA-A374D015B4B5}.Debug|x64.Build.0 = Debug|Any CPU
		{751A5A02-9232-4DD6-87AA-A374D015B4B5}.Debug|x86.ActiveCfg = Debug|Any CPU
		{751A5A02-9232-4DD6-87AA-A374D015B4B5}.Debug|x86.Build.0 = Debug|Any CPU
		{751A5A02-9232-4DD6-87AA-A374D015B4B5}.Release|Any CPU.ActiveCfg = Release|Any CPU
		{751A5A02-9232-4DD6-87AA-A374D015B4B5}.Release|Any CPU.Build.0 = Release|Any CPU
		{751A5A02-9232-4DD6-87AA-A374D015B4B5}.Release|x64.ActiveCfg = Release|Any CPU
		{751A5A02-9232-4DD6-87AA-A374D015B4B5}.Release|x64.Build.0 = Release|Any CPU
		{751A5A02-9232-4DD6-87AA-A374D015B4B5}.Release|x86.ActiveCfg = Release|Any CPU
		{751A5A02-9232-4DD6-87AA-A374D015B4B5}.Release|x86.Build.0 = Release|Any CPU
		{8830BF74-F127-438B-8135-29CCBC328D86}.Debug|Any CPU.ActiveCfg = Debug|Any CPU
		{8830BF74-F127-438B-8135-29CCBC328D86}.Debug|Any CPU.Build.0 = Debug|Any CPU
		{8830BF74-F127-438B-8135-29CCBC328D86}.Debug|x64.ActiveCfg = Debug|Any CPU
		{8830BF74-F127-438B-8135-29CCBC328D86}.Debug|x64.Build.0 = Debug|Any CPU
		{8830BF74-F127-438B-8135-29CCBC328D86}.Debug|x86.ActiveCfg = Debug|Any CPU
		{8830BF74-F127-438B-8135-29CCBC328D86}.Debug|x86.Build.0 = Debug|Any CPU
		{8830BF74-F127-438B-8135-29CCBC328D86}.Release|Any CPU.ActiveCfg = Release|Any CPU
		{8830BF74-F127-438B-8135-29CCBC328D86}.Release|Any CPU.Build.0 = Release|Any CPU
		{8830BF74-F127-438B-8135-29CCBC328D86}.Release|x64.ActiveCfg = Release|Any CPU
		{8830BF74-F127-438B-8135-29CCBC328D86}.Release|x64.Build.0 = Release|Any CPU
		{8830BF74-F127-438B-8135-29CCBC328D86}.Release|x86.ActiveCfg = Release|Any CPU
		{8830BF74-F127-438B-8135-29CCBC328D86}.Release|x86.Build.0 = Release|Any CPU
	EndGlobalSection
	GlobalSection(SolutionProperties) = preSolution
		HideSolutionNode = FALSE
	EndGlobalSection
	GlobalSection(ExtensibilityGlobals) = postSolution
		SolutionGuid = {37674B88-2038-4C63-A979-84404391773A}
	EndGlobalSection
EndGlobal
