{
  "version": 1,
  "dependencies": {
    "net8.0-windows7.0": {
      "Dalamud.ContextMenu": {
        "type": "Direct",
        "requested": "[1.3.1, )",
        "resolved": "1.3.1",
        "contentHash": "ptAxut5PiLnzZ4G/KQdHJVcyklC/BF3otHJ7zYVUPiKBjsOCoF0n/6h2jK7e+8ev2Y1yAY3Wtx2GuXLFQgt9Uw=="
      },
      "DalamudPackager": {
        "type": "Direct",
        "requested": "[2.1.12, )",
        "resolved": "2.1.12",
        "contentHash": "Sc0PVxvgg4NQjcI8n10/VfUQBAS4O+Fw2pZrAqBdRMbthYGeogzu5+xmIGCGmsEZ/ukMOBuAqiNiB5qA3MRalg=="
      },
      "Microsoft.Extensions.DependencyInjection": {
        "type": "Transitive",
        "resolved": "7.0.0",
        "contentHash": "elNeOmkeX3eDVG6pYVeV82p29hr+UKDaBhrZyWvWLw/EVZSYEkZlQdkp0V39k/Xehs2Qa0mvoCvkVj3eQxNQ1Q==",
        "dependencies": {
          "Microsoft.Extensions.DependencyInjection.Abstractions": "7.0.0"
        }
      },
      "Microsoft.Extensions.DependencyInjection.Abstractions": {
        "type": "Transitive",
        "resolved": "7.0.0",
        "contentHash": "h3j/QfmFN4S0w4C2A6X7arXij/M/OVw3uQHSOFxnND4DyAzO1F9eMX7Eti7lU/OkSthEE0WzRsfT/Dmx86jzCw=="
      },
      "gatherbuddy.gamedata": {
        "type": "Project",
        "dependencies": {
          "GatherBuddy.Levenshtein": "[1.0.0, )",
          "OtterGui": "[1.0.0, )"
        }
      },
      "gatherbuddy.levenshtein": {
        "type": "Project"
      },
      "ottergui": {
        "type": "Project",
        "dependencies": {
          "Microsoft.Extensions.DependencyInjection": "[7.0.0, )"
        }
      }
    }
  }
}