{
  "version": 1,
  "dependencies": {
    "net8.0-windows7.0": {
      "DalamudPackager": {
        "type": "Direct",
        "requested": "[2.1.12, )",
        "resolved": "2.1.12",
        "contentHash": "Sc0PVxvgg4NQjcI8n10/VfUQBAS4O+Fw2pZrAqBdRMbthYGeogzu5+xmIGCGmsEZ/ukMOBuAqiNiB5qA3MRalg=="
      },
      "Microsoft.Extensions.DependencyInjection": {
        "type": "Transitive",
        "resolved": "8.0.0",
        "contentHash": "V8S3bsm50ig6JSyrbcJJ8bW2b9QLGouz+G1miK3UTaOWmMtFwNNNzUf4AleyDWUmTrWMLNnFSLEQtxmxgNQnNQ==",
        "dependencies": {
          "Microsoft.Extensions.DependencyInjection.Abstractions": "8.0.0"
        }
      },
      "Microsoft.Extensions.DependencyInjection.Abstractions": {
        "type": "Transitive",
        "resolved": "8.0.0",
        "contentHash": "cjWrLkJXK0rs4zofsK4bSdg+jhDLTaxrkXu4gS6Y7MAlCvRyNNgwY/lJi5RDlQOnSZweHqoyvgvbdvQsRIW+hg=="
      },
      "Reloaded.Memory": {
        "type": "Transitive",
        "resolved": "7.1.0",
        "contentHash": "4Y5tCsRWdW/shj9W7RqJq37LStuW1VVtjxsBp4LKZilPcjudeQg9k+u+6fnDgacCEJiG3S2EtcaiNtVMTdaSnQ=="
      },
      "clicklib": {
        "type": "Project",
        "dependencies": {
          "ECommons": "[2.2.0.2, )",
          "Reloaded.Memory": "[7.1.0, )"
        }
      },
      "ecommons": {
        "type": "Project"
      },
      "gatherbuddy.gamedata": {
        "type": "Project",
        "dependencies": {
          "GatherBuddy.Levenshtein": "[1.0.0, )",
          "OtterGui": "[1.0.0, )"
        }
      },
      "gatherbuddy.levenshtein": {
        "type": "Project"
      },
      "ottergui": {
        "type": "Project",
        "dependencies": {
          "Microsoft.Extensions.DependencyInjection": "[8.0.0, )"
        }
      }
    }
  }
}