{
  "version": 1,
  "dependencies": {
    "net9.0-windows7.0": {
      "DotNet.ReproducibleBuilds": {
        "type": "Direct",
        "requested": "[1.2.25, )",
        "resolved": "1.2.25",
        "contentHash": "xCXiw7BCxHJ8pF6wPepRUddlh2dlQlbr81gXA72hdk4FLHkKXas7EH/n+fk5UCA/YfMqG1Z6XaPiUjDbUNBUzg=="
      },
      "JetBrains.Annotations": {
        "type": "Transitive",
        "resolved": "2024.3.0",
        "contentHash": "ox5pkeLQXjvJdyAB4b2sBYAlqZGLh3PjSnP1bQNVx72ONuTJ9+34/+Rq91Fc0dG29XG9RgZur9+NcP4riihTug=="
      },
      "Microsoft.Extensions.DependencyInjection": {
        "type": "Transitive",
        "resolved": "9.0.2",
        "contentHash": "ZffbJrskOZ40JTzcTyKwFHS5eACSWp2bUQBBApIgGV+es8RaTD4OxUG7XxFr3RIPLXtYQ1jQzF2DjKB5fZn7Qg==",
        "dependencies": {
          "Microsoft.Extensions.DependencyInjection.Abstractions": "9.0.2"
        }
      },
      "Microsoft.Extensions.DependencyInjection.Abstractions": {
        "type": "Transitive",
        "resolved": "9.0.2",
        "contentHash": "MNe7GSTBf3jQx5vYrXF0NZvn6l7hUKF6J54ENfAgCO8y6xjN1XUmKKWG464LP2ye6QqDiA1dkaWEZBYnhoZzjg=="
      },
      "gatherbuddy.levenshtein": {
        "type": "Project"
      },
      "ottergui": {
        "type": "Project",
        "dependencies": {
          "JetBrains.Annotations": "[2024.3.0, )",
          "Microsoft.Extensions.DependencyInjection": "[9.0.2, )"
        }
      }
    }
  }
}